// !$*UTF8*$!
{
	archiveVersion = 1;
	classes = {
	};
	objectVersion = 56;
	objects = {

/* Begin PBXBuildFile section */
		F258871D29600E3F00BC4A43 /* AppDelegate.swift in Sources */ = {isa = PBXBuildFile; fileRef = F258871C29600E3F00BC4A43 /* AppDelegate.swift */; };
		F258871F29600E3F00BC4A43 /* SceneDelegate.swift in Sources */ = {isa = PBXBuildFile; fileRef = F258871E29600E3F00BC4A43 /* SceneDelegate.swift */; };
		F258872129600E3F00BC4A43 /* ViewController.swift in Sources */ = {isa = PBXBuildFile; fileRef = F258872029600E3F00BC4A43 /* ViewController.swift */; };
		F258872729600E3F00BC4A43 /* eMasaryTask.xcdatamodeld in Sources */ = {isa = PBXBuildFile; fileRef = F258872529600E3F00BC4A43 /* eMasaryTask.xcdatamodeld */; };
		F258872929600E4000BC4A43 /* Assets.xcassets in Resources */ = {isa = PBXBuildFile; fileRef = F258872829600E4000BC4A43 /* Assets.xcassets */; };
		F258872C29600E4000BC4A43 /* LaunchScreen.storyboard in Resources */ = {isa = PBXBuildFile; fileRef = F258872A29600E4000BC4A43 /* LaunchScreen.storyboard */; };
		F258873729600E4000BC4A43 /* eMasaryTaskTests.swift in Sources */ = {isa = PBXBuildFile; fileRef = F258873629600E4000BC4A43 /* eMasaryTaskTests.swift */; };
		F258874129600E4000BC4A43 /* eMasaryTaskUITests.swift in Sources */ = {isa = PBXBuildFile; fileRef = F258874029600E4000BC4A43 /* eMasaryTaskUITests.swift */; };
		F258874329600E4000BC4A43 /* eMasaryTaskUITestsLaunchTests.swift in Sources */ = {isa = PBXBuildFile; fileRef = F258874229600E4000BC4A43 /* eMasaryTaskUITestsLaunchTests.swift */; };
		F2588753296014D100BC4A43 /* GoogleService-Info.plist in Resources */ = {isa = PBXBuildFile; fileRef = F2588752296014D100BC4A43 /* GoogleService-Info.plist */; };
		F25887562960183700BC4A43 /* FirebaseFirestore in Frameworks */ = {isa = PBXBuildFile; productRef = F25887552960183700BC4A43 /* FirebaseFirestore */; };
		F25887582960183700BC4A43 /* FirebaseFunctions in Frameworks */ = {isa = PBXBuildFile; productRef = F25887572960183700BC4A43 /* FirebaseFunctions */; };
		F258875C2960188F00BC4A43 /* FirebaseManager.swift in Sources */ = {isa = PBXBuildFile; fileRef = F258875B2960188F00BC4A43 /* FirebaseManager.swift */; };
/* End PBXBuildFile section */

/* Begin PBXContainerItemProxy section */
		F258873329600E4000BC4A43 /* PBXContainerItemProxy */ = {
			isa = PBXContainerItemProxy;
			containerPortal = F258871129600E3F00BC4A43 /* Project object */;
			proxyType = 1;
			remoteGlobalIDString = F258871829600E3F00BC4A43;
			remoteInfo = eMasaryTask;
		};
		F258873D29600E4000BC4A43 /* PBXContainerItemProxy */ = {
			isa = PBXContainerItemProxy;
			containerPortal = F258871129600E3F00BC4A43 /* Project object */;
			proxyType = 1;
			remoteGlobalIDString = F258871829600E3F00BC4A43;
			remoteInfo = eMasaryTask;
		};
/* End PBXContainerItemProxy section */

/* Begin PBXFileReference section */
		F258871929600E3F00BC4A43 /* eMasaryTask.app */ = {isa = PBXFileReference; explicitFileType = wrapper.application; includeInIndex = 0; path = eMasaryTask.app; sourceTree = BUILT_PRODUCTS_DIR; };
		F258871C29600E3F00BC4A43 /* AppDelegate.swift */ = {isa = PBXFileReference; lastKnownFileType = sourcecode.swift; path = AppDelegate.swift; sourceTree = "<group>"; };
		F258871E29600E3F00BC4A43 /* SceneDelegate.swift */ = {isa = PBXFileReference; lastKnownFileType = sourcecode.swift; path = SceneDelegate.swift; sourceTree = "<group>"; };
		F258872029600E3F00BC4A43 /* ViewController.swift */ = {isa = PBXFileReference; lastKnownFileType = sourcecode.swift; path = ViewController.swift; sourceTree = "<group>"; };
		F258872629600E3F00BC4A43 /* eMasaryTask.xcdatamodel */ = {isa = PBXFileReference; lastKnownFileType = wrapper.xcdatamodel; path = eMasaryTask.xcdatamodel; sourceTree = "<group>"; };
		F258872829600E4000BC4A43 /* Assets.xcassets */ = {isa = PBXFileReference; lastKnownFileType = folder.assetcatalog; path = Assets.xcassets; sourceTree = "<group>"; };
		F258872B29600E4000BC4A43 /* Base */ = {isa = PBXFileReference; lastKnownFileType = file.storyboard; name = Base; path = Base.lproj/LaunchScreen.storyboard; sourceTree = "<group>"; };
		F258872D29600E4000BC4A43 /* Info.plist */ = {isa = PBXFileReference; lastKnownFileType = text.plist.xml; path = Info.plist; sourceTree = "<group>"; };
		F258873229600E4000BC4A43 /* eMasaryTaskTests.xctest */ = {isa = PBXFileReference; explicitFileType = wrapper.cfbundle; includeInIndex = 0; path = eMasaryTaskTests.xctest; sourceTree = BUILT_PRODUCTS_DIR; };
		F258873629600E4000BC4A43 /* eMasaryTaskTests.swift */ = {isa = PBXFileReference; lastKnownFileType = sourcecode.swift; path = eMasaryTaskTests.swift; sourceTree = "<group>"; };
		F258873C29600E4000BC4A43 /* eMasaryTaskUITests.xctest */ = {isa = PBXFileReference; explicitFileType = wrapper.cfbundle; includeInIndex = 0; path = eMasaryTaskUITests.xctest; sourceTree = BUILT_PRODUCTS_DIR; };
		F258874029600E4000BC4A43 /* eMasaryTaskUITests.swift */ = {isa = PBXFileReference; lastKnownFileType = sourcecode.swift; path = eMasaryTaskUITests.swift; sourceTree = "<group>"; };
		F258874229600E4000BC4A43 /* eMasaryTaskUITestsLaunchTests.swift */ = {isa = PBXFileReference; lastKnownFileType = sourcecode.swift; path = eMasaryTaskUITestsLaunchTests.swift; sourceTree = "<group>"; };
		F2588752296014D100BC4A43 /* GoogleService-Info.plist */ = {isa = PBXFileReference; fileEncoding = 4; lastKnownFileType = text.plist.xml; path = "GoogleService-Info.plist"; sourceTree = "<group>"; };
		F258875B2960188F00BC4A43 /* FirebaseManager.swift */ = {isa = PBXFileReference; lastKnownFileType = sourcecode.swift; path = FirebaseManager.swift; sourceTree = "<group>"; };
/* End PBXFileReference section */

/* Begin PBXFrameworksBuildPhase section */
		F258871629600E3F00BC4A43 /* Frameworks */ = {
			isa = PBXFrameworksBuildPhase;
			buildActionMask = 2147483647;
			files = (
				F25887562960183700BC4A43 /* FirebaseFirestore in Frameworks */,
				F25887582960183700BC4A43 /* FirebaseFunctions in Frameworks */,
			);
			runOnlyForDeploymentPostprocessing = 0;
		};
		F258872F29600E4000BC4A43 /* Frameworks */ = {
			isa = PBXFrameworksBuildPhase;
			buildActionMask = 2147483647;
			files = (
			);
			runOnlyForDeploymentPostprocessing = 0;
		};
		F258873929600E4000BC4A43 /* Frameworks */ = {
			isa = PBXFrameworksBuildPhase;
			buildActionMask = 2147483647;
			files = (
			);
			runOnlyForDeploymentPostprocessing = 0;
		};
/* End PBXFrameworksBuildPhase section */

/* Begin PBXGroup section */
		F258871029600E3F00BC4A43 = {
			isa = PBXGroup;
			children = (
				F258871B29600E3F00BC4A43 /* eMasaryTask */,
				F258873529600E4000BC4A43 /* eMasaryTaskTests */,
				F258873F29600E4000BC4A43 /* eMasaryTaskUITests */,
				F258871A29600E3F00BC4A43 /* Products */,
			);
			sourceTree = "<group>";
		};
		F258871A29600E3F00BC4A43 /* Products */ = {
			isa = PBXGroup;
			children = (
				F258871929600E3F00BC4A43 /* eMasaryTask.app */,
				F258873229600E4000BC4A43 /* eMasaryTaskTests.xctest */,
				F258873C29600E4000BC4A43 /* eMasaryTaskUITests.xctest */,
			);
			name = Products;
			sourceTree = "<group>";
		};
		F258871B29600E3F00BC4A43 /* eMasaryTask */ = {
			isa = PBXGroup;
			children = (
				F258871C29600E3F00BC4A43 /* AppDelegate.swift */,
				F258871E29600E3F00BC4A43 /* SceneDelegate.swift */,
				F258872029600E3F00BC4A43 /* ViewController.swift */,
				F258872529600E3F00BC4A43 /* eMasaryTask.xcdatamodeld */,
				F258872A29600E4000BC4A43 /* LaunchScreen.storyboard */,
				F25887512960138900BC4A43 /* Resources */,
				F25887592960184C00BC4A43 /* Services */,
				F25887502960100E00BC4A43 /* UserStories */,
			);
			path = eMasaryTask;
			sourceTree = "<group>";
		};
		F258873529600E4000BC4A43 /* eMasaryTaskTests */ = {
			isa = PBXGroup;
			children = (
				F258873629600E4000BC4A43 /* eMasaryTaskTests.swift */,
			);
			path = eMasaryTaskTests;
			sourceTree = "<group>";
		};
		F258873F29600E4000BC4A43 /* eMasaryTaskUITests */ = {
			isa = PBXGroup;
			children = (
				F258874029600E4000BC4A43 /* eMasaryTaskUITests.swift */,
				F258874229600E4000BC4A43 /* eMasaryTaskUITestsLaunchTests.swift */,
			);
			path = eMasaryTaskUITests;
			sourceTree = "<group>";
		};
		F258874F2960100200BC4A43 /* Authentication */ = {
			isa = PBXGroup;
			children = (
			);
			path = Authentication;
			sourceTree = "<group>";
		};
		F25887502960100E00BC4A43 /* UserStories */ = {
			isa = PBXGroup;
			children = (
				F258874F2960100200BC4A43 /* Authentication */,
			);
			path = UserStories;
			sourceTree = "<group>";
		};
		F25887512960138900BC4A43 /* Resources */ = {
			isa = PBXGroup;
			children = (
				F2588752296014D100BC4A43 /* GoogleService-Info.plist */,
				F258872D29600E4000BC4A43 /* Info.plist */,
				F258872829600E4000BC4A43 /* Assets.xcassets */,
			);
			path = Resources;
			sourceTree = "<group>";
		};
		F25887592960184C00BC4A43 /* Services */ = {
			isa = PBXGroup;
			children = (
				F258875A2960187F00BC4A43 /* Firebase */,
			);
			path = Services;
			sourceTree = "<group>";
		};
		F258875A2960187F00BC4A43 /* Firebase */ = {
			isa = PBXGroup;
			children = (
				F258875B2960188F00BC4A43 /* FirebaseManager.swift */,
			);
			path = Firebase;
			sourceTree = "<group>";
		};
/* End PBXGroup section */

/* Begin PBXNativeTarget section */
		F258871829600E3F00BC4A43 /* eMasaryTask */ = {
			isa = PBXNativeTarget;
			buildConfigurationList = F258874629600E4000BC4A43 /* Build configuration list for PBXNativeTarget "eMasaryTask" */;
			buildPhases = (
				F258871529600E3F00BC4A43 /* Sources */,
				F258871629600E3F00BC4A43 /* Frameworks */,
				F258871729600E3F00BC4A43 /* Resources */,
			);
			buildRules = (
			);
			dependencies = (
			);
			name = eMasaryTask;
			packageProductDependencies = (
				F25887552960183700BC4A43 /* FirebaseFirestore */,
				F25887572960183700BC4A43 /* FirebaseFunctions */,
			);
			productName = eMasaryTask;
			productReference = F258871929600E3F00BC4A43 /* eMasaryTask.app */;
			productType = "com.apple.product-type.application";
		};
		F258873129600E4000BC4A43 /* eMasaryTaskTests */ = {
			isa = PBXNativeTarget;
			buildConfigurationList = F258874929600E4000BC4A43 /* Build configuration list for PBXNativeTarget "eMasaryTaskTests" */;
			buildPhases = (
				F258872E29600E4000BC4A43 /* Sources */,
				F258872F29600E4000BC4A43 /* Frameworks */,
				F258873029600E4000BC4A43 /* Resources */,
			);
			buildRules = (
			);
			dependencies = (
				F258873429600E4000BC4A43 /* PBXTargetDependency */,
			);
			name = eMasaryTaskTests;
			productName = eMasaryTaskTests;
			productReference = F258873229600E4000BC4A43 /* eMasaryTaskTests.xctest */;
			productType = "com.apple.product-type.bundle.unit-test";
		};
		F258873B29600E4000BC4A43 /* eMasaryTaskUITests */ = {
			isa = PBXNativeTarget;
			buildConfigurationList = F258874C29600E4000BC4A43 /* Build configuration list for PBXNativeTarget "eMasaryTaskUITests" */;
			buildPhases = (
				F258873829600E4000BC4A43 /* Sources */,
				F258873929600E4000BC4A43 /* Frameworks */,
				F258873A29600E4000BC4A43 /* Resources */,
			);
			buildRules = (
			);
			dependencies = (
				F258873E29600E4000BC4A43 /* PBXTargetDependency */,
			);
			name = eMasaryTaskUITests;
			productName = eMasaryTaskUITests;
			productReference = F258873C29600E4000BC4A43 /* eMasaryTaskUITests.xctest */;
			productType = "com.apple.product-type.bundle.ui-testing";
		};
/* End PBXNativeTarget section */

/* Begin PBXProject section */
		F258871129600E3F00BC4A43 /* Project object */ = {
			isa = PBXProject;
			attributes = {
				BuildIndependentTargetsInParallel = 1;
				LastSwiftUpdateCheck = 1420;
				LastUpgradeCheck = 1420;
				TargetAttributes = {
					F258871829600E3F00BC4A43 = {
						CreatedOnToolsVersion = 14.2;
					};
					F258873129600E4000BC4A43 = {
						CreatedOnToolsVersion = 14.2;
						TestTargetID = F258871829600E3F00BC4A43;
					};
					F258873B29600E4000BC4A43 = {
						CreatedOnToolsVersion = 14.2;
						TestTargetID = F258871829600E3F00BC4A43;
					};
				};
			};
			buildConfigurationList = F258871429600E3F00BC4A43 /* Build configuration list for PBXProject "eMasaryTask" */;
			compatibilityVersion = "Xcode 14.0";
			developmentRegion = en;
			hasScannedForEncodings = 0;
			knownRegions = (
				en,
				Base,
			);
			mainGroup = F258871029600E3F00BC4A43;
			packageReferences = (
				F25887542960183700BC4A43 /* XCRemoteSwiftPackageReference "firebase-ios-sdk" */,
			);
			productRefGroup = F258871A29600E3F00BC4A43 /* Products */;
			projectDirPath = "";
			projectRoot = "";
			targets = (
				F258871829600E3F00BC4A43 /* eMasaryTask */,
				F258873129600E4000BC4A43 /* eMasaryTaskTests */,
				F258873B29600E4000BC4A43 /* eMasaryTaskUITests */,
			);
		};
/* End PBXProject section */

/* Begin PBXResourcesBuildPhase section */
		F258871729600E3F00BC4A43 /* Resources */ = {
			isa = PBXResourcesBuildPhase;
			buildActionMask = 2147483647;
			files = (
				F258872C29600E4000BC4A43 /* LaunchScreen.storyboard in Resources */,
				F258872929600E4000BC4A43 /* Assets.xcassets in Resources */,
				F2588753296014D100BC4A43 /* GoogleService-Info.plist in Resources */,
			);
			runOnlyForDeploymentPostprocessing = 0;
		};
		F258873029600E4000BC4A43 /* Resources */ = {
			isa = PBXResourcesBuildPhase;
			buildActionMask = 2147483647;
			files = (
			);
			runOnlyForDeploymentPostprocessing = 0;
		};
		F258873A29600E4000BC4A43 /* Resources */ = {
			isa = PBXResourcesBuildPhase;
			buildActionMask = 2147483647;
			files = (
			);
			runOnlyForDeploymentPostprocessing = 0;
		};
/* End PBXResourcesBuildPhase section */

/* Begin PBXSourcesBuildPhase section */
		F258871529600E3F00BC4A43 /* Sources */ = {
			isa = PBXSourcesBuildPhase;
			buildActionMask = 2147483647;
			files = (
				F258875C2960188F00BC4A43 /* FirebaseManager.swift in Sources */,
				F258872129600E3F00BC4A43 /* ViewController.swift in Sources */,
				F258872729600E3F00BC4A43 /* eMasaryTask.xcdatamodeld in Sources */,
				F258871D29600E3F00BC4A43 /* AppDelegate.swift in Sources */,
				F258871F29600E3F00BC4A43 /* SceneDelegate.swift in Sources */,
			);
			runOnlyForDeploymentPostprocessing = 0;
		};
		F258872E29600E4000BC4A43 /* Sources */ = {
			isa = PBXSourcesBuildPhase;
			buildActionMask = 2147483647;
			files = (
				F258873729600E4000BC4A43 /* eMasaryTaskTests.swift in Sources */,
			);
			runOnlyForDeploymentPostprocessing = 0;
		};
		F258873829600E4000BC4A43 /* Sources */ = {
			isa = PBXSourcesBuildPhase;
			buildActionMask = 2147483647;
			files = (
				F258874329600E4000BC4A43 /* eMasaryTaskUITestsLaunchTests.swift in Sources */,
				F258874129600E4000BC4A43 /* eMasaryTaskUITests.swift in Sources */,
			);
			runOnlyForDeploymentPostprocessing = 0;
		};
/* End PBXSourcesBuildPhase section */

/* Begin PBXTargetDependency section */
		F258873429600E4000BC4A43 /* PBXTargetDependency */ = {
			isa = PBXTargetDependency;
			target = F258871829600E3F00BC4A43 /* eMasaryTask */;
			targetProxy = F258873329600E4000BC4A43 /* PBXContainerItemProxy */;
		};
		F258873E29600E4000BC4A43 /* PBXTargetDependency */ = {
			isa = PBXTargetDependency;
			target = F258871829600E3F00BC4A43 /* eMasaryTask */;
			targetProxy = F258873D29600E4000BC4A43 /* PBXContainerItemProxy */;
		};
/* End PBXTargetDependency section */

/* Begin PBXVariantGroup section */
		F258872A29600E4000BC4A43 /* LaunchScreen.storyboard */ = {
			isa = PBXVariantGroup;
			children = (
				F258872B29600E4000BC4A43 /* Base */,
			);
			name = LaunchScreen.storyboard;
			sourceTree = "<group>";
		};
/* End PBXVariantGroup section */

/* Begin XCBuildConfiguration section */
		F258874429600E4000BC4A43 /* Debug */ = {
			isa = XCBuildConfiguration;
			buildSettings = {
				ALWAYS_SEARCH_USER_PATHS = NO;
				CLANG_ANALYZER_NONNULL = YES;
				CLANG_ANALYZER_NUMBER_OBJECT_CONVERSION = YES_AGGRESSIVE;
				CLANG_CXX_LANGUAGE_STANDARD = "gnu++20";
				CLANG_ENABLE_MODULES = YES;
				CLANG_ENABLE_OBJC_ARC = YES;
				CLANG_ENABLE_OBJC_WEAK = YES;
				CLANG_WARN_BLOCK_CAPTURE_AUTORELEASING = YES;
				CLANG_WARN_BOOL_CONVERSION = YES;
				CLANG_WARN_COMMA = YES;
				CLANG_WARN_CONSTANT_CONVERSION = YES;
				CLANG_WARN_DEPRECATED_OBJC_IMPLEMENTATIONS = YES;
				CLANG_WARN_DIRECT_OBJC_ISA_USAGE = YES_ERROR;
				CLANG_WARN_DOCUMENTATION_COMMENTS = YES;
				CLANG_WARN_EMPTY_BODY = YES;
				CLANG_WARN_ENUM_CONVERSION = YES;
				CLANG_WARN_INFINITE_RECURSION = YES;
				CLANG_WARN_INT_CONVERSION = YES;
				CLANG_WARN_NON_LITERAL_NULL_CONVERSION = YES;
				CLANG_WARN_OBJC_IMPLICIT_RETAIN_SELF = YES;
				CLANG_WARN_OBJC_LITERAL_CONVERSION = YES;
				CLANG_WARN_OBJC_ROOT_CLASS = YES_ERROR;
				CLANG_WARN_QUOTED_INCLUDE_IN_FRAMEWORK_HEADER = YES;
				CLANG_WARN_RANGE_LOOP_ANALYSIS = YES;
				CLANG_WARN_STRICT_PROTOTYPES = YES;
				CLANG_WARN_SUSPICIOUS_MOVE = YES;
				CLANG_WARN_UNGUARDED_AVAILABILITY = YES_AGGRESSIVE;
				CLANG_WARN_UNREACHABLE_CODE = YES;
				CLANG_WARN__DUPLICATE_METHOD_MATCH = YES;
				COPY_PHASE_STRIP = NO;
				DEBUG_INFORMATION_FORMAT = dwarf;
				ENABLE_STRICT_OBJC_MSGSEND = YES;
				ENABLE_TESTABILITY = YES;
				GCC_C_LANGUAGE_STANDARD = gnu11;
				GCC_DYNAMIC_NO_PIC = NO;
				GCC_NO_COMMON_BLOCKS = YES;
				GCC_OPTIMIZATION_LEVEL = 0;
				GCC_PREPROCESSOR_DEFINITIONS = (
					"DEBUG=1",
					"$(inherited)",
				);
				GCC_WARN_64_TO_32_BIT_CONVERSION = YES;
				GCC_WARN_ABOUT_RETURN_TYPE = YES_ERROR;
				GCC_WARN_UNDECLARED_SELECTOR = YES;
				GCC_WARN_UNINITIALIZED_AUTOS = YES_AGGRESSIVE;
				GCC_WARN_UNUSED_FUNCTION = YES;
				GCC_WARN_UNUSED_VARIABLE = YES;
				IPHONEOS_DEPLOYMENT_TARGET = 16.2;
				MTL_ENABLE_DEBUG_INFO = INCLUDE_SOURCE;
				MTL_FAST_MATH = YES;
				ONLY_ACTIVE_ARCH = YES;
				SDKROOT = iphoneos;
				SWIFT_ACTIVE_COMPILATION_CONDITIONS = DEBUG;
				SWIFT_OPTIMIZATION_LEVEL = "-Onone";
			};
			name = Debug;
		};
		F258874529600E4000BC4A43 /* Release */ = {
			isa = XCBuildConfiguration;
			buildSettings = {
				ALWAYS_SEARCH_USER_PATHS = NO;
				CLANG_ANALYZER_NONNULL = YES;
				CLANG_ANALYZER_NUMBER_OBJECT_CONVERSION = YES_AGGRESSIVE;
				CLANG_CXX_LANGUAGE_STANDARD = "gnu++20";
				CLANG_ENABLE_MODULES = YES;
				CLANG_ENABLE_OBJC_ARC = YES;
				CLANG_ENABLE_OBJC_WEAK = YES;
				CLANG_WARN_BLOCK_CAPTURE_AUTORELEASING = YES;
				CLANG_WARN_BOOL_CONVERSION = YES;
				CLANG_WARN_COMMA = YES;
				CLANG_WARN_CONSTANT_CONVERSION = YES;
				CLANG_WARN_DEPRECATED_OBJC_IMPLEMENTATIONS = YES;
				CLANG_WARN_DIRECT_OBJC_ISA_USAGE = YES_ERROR;
				CLANG_WARN_DOCUMENTATION_COMMENTS = YES;
				CLANG_WARN_EMPTY_BODY = YES;
				CLANG_WARN_ENUM_CONVERSION = YES;
				CLANG_WARN_INFINITE_RECURSION = YES;
				CLANG_WARN_INT_CONVERSION = YES;
				CLANG_WARN_NON_LITERAL_NULL_CONVERSION = YES;
				CLANG_WARN_OBJC_IMPLICIT_RETAIN_SELF = YES;
				CLANG_WARN_OBJC_LITERAL_CONVERSION = YES;
				CLANG_WARN_OBJC_ROOT_CLASS = YES_ERROR;
				CLANG_WARN_QUOTED_INCLUDE_IN_FRAMEWORK_HEADER = YES;
				CLANG_WARN_RANGE_LOOP_ANALYSIS = YES;
				CLANG_WARN_STRICT_PROTOTYPES = YES;
				CLANG_WARN_SUSPICIOUS_MOVE = YES;
				CLANG_WARN_UNGUARDED_AVAILABILITY = YES_AGGRESSIVE;
				CLANG_WARN_UNREACHABLE_CODE = YES;
				CLANG_WARN__DUPLICATE_METHOD_MATCH = YES;
				COPY_PHASE_STRIP = NO;
				DEBUG_INFORMATION_FORMAT = "dwarf-with-dsym";
				ENABLE_NS_ASSERTIONS = NO;
				ENABLE_STRICT_OBJC_MSGSEND = YES;
				GCC_C_LANGUAGE_STANDARD = gnu11;
				GCC_NO_COMMON_BLOCKS = YES;
				GCC_WARN_64_TO_32_BIT_CONVERSION = YES;
				GCC_WARN_ABOUT_RETURN_TYPE = YES_ERROR;
				GCC_WARN_UNDECLARED_SELECTOR = YES;
				GCC_WARN_UNINITIALIZED_AUTOS = YES_AGGRESSIVE;
				GCC_WARN_UNUSED_FUNCTION = YES;
				GCC_WARN_UNUSED_VARIABLE = YES;
				IPHONEOS_DEPLOYMENT_TARGET = 16.2;
				MTL_ENABLE_DEBUG_INFO = NO;
				MTL_FAST_MATH = YES;
				SDKROOT = iphoneos;
				SWIFT_COMPILATION_MODE = wholemodule;
				SWIFT_OPTIMIZATION_LEVEL = "-O";
				VALIDATE_PRODUCT = YES;
			};
			name = Release;
		};
		F258874729600E4000BC4A43 /* Debug */ = {
			isa = XCBuildConfiguration;
			buildSettings = {
				ASSETCATALOG_COMPILER_APPICON_NAME = AppIcon;
				ASSETCATALOG_COMPILER_GLOBAL_ACCENT_COLOR_NAME = AccentColor;
				CODE_SIGN_STYLE = Automatic;
				CURRENT_PROJECT_VERSION = 1;
				DEVELOPMENT_TEAM = 92248YS3F6;
				GENERATE_INFOPLIST_FILE = YES;
				INFOPLIST_FILE = eMasaryTask/Resources/Info.plist;
				INFOPLIST_KEY_UIApplicationSupportsIndirectInputEvents = YES;
				INFOPLIST_KEY_UILaunchStoryboardName = LaunchScreen;
				INFOPLIST_KEY_UISupportedInterfaceOrientations_iPad = "UIInterfaceOrientationPortrait UIInterfaceOrientationPortraitUpsideDown UIInterfaceOrientationLandscapeLeft UIInterfaceOrientationLandscapeRight";
				INFOPLIST_KEY_UISupportedInterfaceOrientations_iPhone = "UIInterfaceOrientationPortrait UIInterfaceOrientationLandscapeLeft UIInterfaceOrientationLandscapeRight";
				LD_RUNPATH_SEARCH_PATHS = (
					"$(inherited)",
					"@executable_path/Frameworks",
				);
				MARKETING_VERSION = 1.0;
				PRODUCT_BUNDLE_IDENTIFIER = me.elshazly.eMasaryTask;
				PRODUCT_NAME = "$(TARGET_NAME)";
				SWIFT_EMIT_LOC_STRINGS = YES;
				SWIFT_VERSION = 5.0;
				TARGETED_DEVICE_FAMILY = "1,2";
			};
			name = Debug;
		};
		F258874829600E4000BC4A43 /* Release */ = {
			isa = XCBuildConfiguration;
			buildSettings = {
				ASSETCATALOG_COMPILER_APPICON_NAME = AppIcon;
				ASSETCATALOG_COMPILER_GLOBAL_ACCENT_COLOR_NAME = AccentColor;
				CODE_SIGN_STYLE = Automatic;
				CURRENT_PROJECT_VERSION = 1;
				DEVELOPMENT_TEAM = 92248YS3F6;
				GENERATE_INFOPLIST_FILE = YES;
				INFOPLIST_FILE = eMasaryTask/Resources/Info.plist;
				INFOPLIST_KEY_UIApplicationSupportsIndirectInputEvents = YES;
				INFOPLIST_KEY_UILaunchStoryboardName = LaunchScreen;
				INFOPLIST_KEY_UISupportedInterfaceOrientations_iPad = "UIInterfaceOrientationPortrait UIInterfaceOrientationPortraitUpsideDown UIInterfaceOrientationLandscapeLeft UIInterfaceOrientationLandscapeRight";
				INFOPLIST_KEY_UISupportedInterfaceOrientations_iPhone = "UIInterfaceOrientationPortrait UIInterfaceOrientationLandscapeLeft UIInterfaceOrientationLandscapeRight";
				LD_RUNPATH_SEARCH_PATHS = (
					"$(inherited)",
					"@executable_path/Frameworks",
				);
				MARKETING_VERSION = 1.0;
				PRODUCT_BUNDLE_IDENTIFIER = me.elshazly.eMasaryTask;
				PRODUCT_NAME = "$(TARGET_NAME)";
				SWIFT_EMIT_LOC_STRINGS = YES;
				SWIFT_VERSION = 5.0;
				TARGETED_DEVICE_FAMILY = "1,2";
			};
			name = Release;
		};
		F258874A29600E4000BC4A43 /* Debug */ = {
			isa = XCBuildConfiguration;
			buildSettings = {
				ALWAYS_EMBED_SWIFT_STANDARD_LIBRARIES = YES;
				BUNDLE_LOADER = "$(TEST_HOST)";
				CODE_SIGN_STYLE = Automatic;
				CURRENT_PROJECT_VERSION = 1;
				DEVELOPMENT_TEAM = 92248YS3F6;
				GENERATE_INFOPLIST_FILE = YES;
				IPHONEOS_DEPLOYMENT_TARGET = 16.2;
				MARKETING_VERSION = 1.0;
				PRODUCT_BUNDLE_IDENTIFIER = me.elshazly.eMasaryTaskTests;
				PRODUCT_NAME = "$(TARGET_NAME)";
				SWIFT_EMIT_LOC_STRINGS = NO;
				SWIFT_VERSION = 5.0;
				TARGETED_DEVICE_FAMILY = "1,2";
				TEST_HOST = "$(BUILT_PRODUCTS_DIR)/eMasaryTask.app/$(BUNDLE_EXECUTABLE_FOLDER_PATH)/eMasaryTask";
			};
			name = Debug;
		};
		F258874B29600E4000BC4A43 /* Release */ = {
			isa = XCBuildConfiguration;
			buildSettings = {
				ALWAYS_EMBED_SWIFT_STANDARD_LIBRARIES = YES;
				BUNDLE_LOADER = "$(TEST_HOST)";
				CODE_SIGN_STYLE = Automatic;
				CURRENT_PROJECT_VERSION = 1;
				DEVELOPMENT_TEAM = 92248YS3F6;
				GENERATE_INFOPLIST_FILE = YES;
				IPHONEOS_DEPLOYMENT_TARGET = 16.2;
				MARKETING_VERSION = 1.0;
				PRODUCT_BUNDLE_IDENTIFIER = me.elshazly.eMasaryTaskTests;
				PRODUCT_NAME = "$(TARGET_NAME)";
				SWIFT_EMIT_LOC_STRINGS = NO;
				SWIFT_VERSION = 5.0;
				TARGETED_DEVICE_FAMILY = "1,2";
				TEST_HOST = "$(BUILT_PRODUCTS_DIR)/eMasaryTask.app/$(BUNDLE_EXECUTABLE_FOLDER_PATH)/eMasaryTask";
			};
			name = Release;
		};
		F258874D29600E4000BC4A43 /* Debug */ = {
			isa = XCBuildConfiguration;
			buildSettings = {
				ALWAYS_EMBED_SWIFT_STANDARD_LIBRARIES = YES;
				CODE_SIGN_STYLE = Automatic;
				CURRENT_PROJECT_VERSION = 1;
				DEVELOPMENT_TEAM = 92248YS3F6;
				GENERATE_INFOPLIST_FILE = YES;
				MARKETING_VERSION = 1.0;
				PRODUCT_BUNDLE_IDENTIFIER = me.elshazly.eMasaryTaskUITests;
				PRODUCT_NAME = "$(TARGET_NAME)";
				SWIFT_EMIT_LOC_STRINGS = NO;
				SWIFT_VERSION = 5.0;
				TARGETED_DEVICE_FAMILY = "1,2";
				TEST_TARGET_NAME = eMasaryTask;
			};
			name = Debug;
		};
		F258874E29600E4000BC4A43 /* Release */ = {
			isa = XCBuildConfiguration;
			buildSettings = {
				ALWAYS_EMBED_SWIFT_STANDARD_LIBRARIES = YES;
				CODE_SIGN_STYLE = Automatic;
				CURRENT_PROJECT_VERSION = 1;
				DEVELOPMENT_TEAM = 92248YS3F6;
				GENERATE_INFOPLIST_FILE = YES;
				MARKETING_VERSION = 1.0;
				PRODUCT_BUNDLE_IDENTIFIER = me.elshazly.eMasaryTaskUITests;
				PRODUCT_NAME = "$(TARGET_NAME)";
				SWIFT_EMIT_LOC_STRINGS = NO;
				SWIFT_VERSION = 5.0;
				TARGETED_DEVICE_FAMILY = "1,2";
				TEST_TARGET_NAME = eMasaryTask;
			};
			name = Release;
		};
/* End XCBuildConfiguration section */

/* Begin XCConfigurationList section */
		F258871429600E3F00BC4A43 /* Build configuration list for PBXProject "eMasaryTask" */ = {
			isa = XCConfigurationList;
			buildConfigurations = (
				F258874429600E4000BC4A43 /* Debug */,
				F258874529600E4000BC4A43 /* Release */,
			);
			defaultConfigurationIsVisible = 0;
			defaultConfigurationName = Release;
		};
		F258874629600E4000BC4A43 /* Build configuration list for PBXNativeTarget "eMasaryTask" */ = {
			isa = XCConfigurationList;
			buildConfigurations = (
				F258874729600E4000BC4A43 /* Debug */,
				F258874829600E4000BC4A43 /* Release */,
			);
			defaultConfigurationIsVisible = 0;
			defaultConfigurationName = Release;
		};
		F258874929600E4000BC4A43 /* Build configuration list for PBXNativeTarget "eMasaryTaskTests" */ = {
			isa = XCConfigurationList;
			buildConfigurations = (
				F258874A29600E4000BC4A43 /* Debug */,
				F258874B29600E4000BC4A43 /* Release */,
			);
			defaultConfigurationIsVisible = 0;
			defaultConfigurationName = Release;
		};
		F258874C29600E4000BC4A43 /* Build configuration list for PBXNativeTarget "eMasaryTaskUITests" */ = {
			isa = XCConfigurationList;
			buildConfigurations = (
				F258874D29600E4000BC4A43 /* Debug */,
				F258874E29600E4000BC4A43 /* Release */,
			);
			defaultConfigurationIsVisible = 0;
			defaultConfigurationName = Release;
		};
/* End XCConfigurationList section */

/* Begin XCRemoteSwiftPackageReference section */
		F25887542960183700BC4A43 /* XCRemoteSwiftPackageReference "firebase-ios-sdk" */ = {
			isa = XCRemoteSwiftPackageReference;
			repositoryURL = "https://github.com/firebase/firebase-ios-sdk.git";
			requirement = {
				kind = exactVersion;
				version = 9.6.0;
			};
		};
/* End XCRemoteSwiftPackageReference section */

/* Begin XCSwiftPackageProductDependency section */
		F25887552960183700BC4A43 /* FirebaseFirestore */ = {
			isa = XCSwiftPackageProductDependency;
			package = F25887542960183700BC4A43 /* XCRemoteSwiftPackageReference "firebase-ios-sdk" */;
			productName = FirebaseFirestore;
		};
		F25887572960183700BC4A43 /* FirebaseFunctions */ = {
			isa = XCSwiftPackageProductDependency;
			package = F25887542960183700BC4A43 /* XCRemoteSwiftPackageReference "firebase-ios-sdk" */;
			productName = FirebaseFunctions;
		};
/* End XCSwiftPackageProductDependency section */

/* Begin XCVersionGroup section */
		F258872529600E3F00BC4A43 /* eMasaryTask.xcdatamodeld */ = {
			isa = XCVersionGroup;
			children = (
				F258872629600E3F00BC4A43 /* eMasaryTask.xcdatamodel */,
			);
			currentVersion = F258872629600E3F00BC4A43 /* eMasaryTask.xcdatamodel */;
			path = eMasaryTask.xcdatamodeld;
			sourceTree = "<group>";
			versionGroupType = wrapper.xcdatamodel;
		};
/* End XCVersionGroup section */
	};
	rootObject = F258871129600E3F00BC4A43 /* Project object */;
}
