// !$*UTF8*$!
{
	archiveVersion = 1;
	classes = {
	};
	objectVersion = 56;
	objects = {

/* Begin PBXBuildFile section */
		F258871D29600E3F00BC4A43 /* AppDelegate.swift in Sources */ = {isa = PBXBuildFile; fileRef = F258871C29600E3F00BC4A43 /* AppDelegate.swift */; };
		F258871F29600E3F00BC4A43 /* SceneDelegate.swift in Sources */ = {isa = PBXBuildFile; fileRef = F258871E29600E3F00BC4A43 /* SceneDelegate.swift */; };
		F258872729600E3F00BC4A43 /* eMasaryTask.xcdatamodeld in Sources */ = {isa = PBXBuildFile; fileRef = F258872529600E3F00BC4A43 /* eMasaryTask.xcdatamodeld */; };
		F258872929600E4000BC4A43 /* Assets.xcassets in Resources */ = {isa = PBXBuildFile; fileRef = F258872829600E4000BC4A43 /* Assets.xcassets */; };
		F258872C29600E4000BC4A43 /* LaunchScreen.storyboard in Resources */ = {isa = PBXBuildFile; fileRef = F258872A29600E4000BC4A43 /* LaunchScreen.storyboard */; };
		F258874129600E4000BC4A43 /* eMasaryTaskUITests.swift in Sources */ = {isa = PBXBuildFile; fileRef = F258874029600E4000BC4A43 /* eMasaryTaskUITests.swift */; };
		F258874329600E4000BC4A43 /* eMasaryTaskUITestsLaunchTests.swift in Sources */ = {isa = PBXBuildFile; fileRef = F258874229600E4000BC4A43 /* eMasaryTaskUITestsLaunchTests.swift */; };
		F2588753296014D100BC4A43 /* GoogleService-Info.plist in Resources */ = {isa = PBXBuildFile; fileRef = F2588752296014D100BC4A43 /* GoogleService-Info.plist */; };
		F25887562960183700BC4A43 /* FirebaseFirestore in Frameworks */ = {isa = PBXBuildFile; productRef = F25887552960183700BC4A43 /* FirebaseFirestore */; };
		F25887582960183700BC4A43 /* FirebaseFunctions in Frameworks */ = {isa = PBXBuildFile; productRef = F25887572960183700BC4A43 /* FirebaseFunctions */; };
		F258875C2960188F00BC4A43 /* FirebaseManager.swift in Sources */ = {isa = PBXBuildFile; fileRef = F258875B2960188F00BC4A43 /* FirebaseManager.swift */; };
		F25887622960244700BC4A43 /* AuthenticationView.swift in Sources */ = {isa = PBXBuildFile; fileRef = F25887612960244700BC4A43 /* AuthenticationView.swift */; };
		F25887672960255B00BC4A43 /* BaseView.swift in Sources */ = {isa = PBXBuildFile; fileRef = F25887662960255B00BC4A43 /* BaseView.swift */; };
		F258876A2960308200BC4A43 /* AuthenticationTextField.swift in Sources */ = {isa = PBXBuildFile; fileRef = F25887692960308200BC4A43 /* AuthenticationTextField.swift */; };
		F258876E2960318E00BC4A43 /* SignInVC.swift in Sources */ = {isa = PBXBuildFile; fileRef = F258876D2960318E00BC4A43 /* SignInVC.swift */; };
		F25887702960319500BC4A43 /* SignInVM.swift in Sources */ = {isa = PBXBuildFile; fileRef = F258876F2960319500BC4A43 /* SignInVM.swift */; };
		F25887722960319F00BC4A43 /* SignInView.swift in Sources */ = {isa = PBXBuildFile; fileRef = F25887712960319F00BC4A43 /* SignInView.swift */; };
		F2588774296031A600BC4A43 /* SignInModel.swift in Sources */ = {isa = PBXBuildFile; fileRef = F2588773296031A600BC4A43 /* SignInModel.swift */; };
		F2588777296031C200BC4A43 /* SignUpVC.swift in Sources */ = {isa = PBXBuildFile; fileRef = F2588776296031C200BC4A43 /* SignUpVC.swift */; };
		F2588779296031C900BC4A43 /* SignUpModel.swift in Sources */ = {isa = PBXBuildFile; fileRef = F2588778296031C900BC4A43 /* SignUpModel.swift */; };
		F258877B296031D400BC4A43 /* SignUpView.swift in Sources */ = {isa = PBXBuildFile; fileRef = F258877A296031D400BC4A43 /* SignUpView.swift */; };
		F258877D296031DC00BC4A43 /* SignUpVM.swift in Sources */ = {isa = PBXBuildFile; fileRef = F258877C296031DC00BC4A43 /* SignUpVM.swift */; };
		F258877F29603F5800BC4A43 /* BaseVC.swift in Sources */ = {isa = PBXBuildFile; fileRef = F258877E29603F5800BC4A43 /* BaseVC.swift */; };
		F25887812960459000BC4A43 /* AuthenticationErrorLabel.swift in Sources */ = {isa = PBXBuildFile; fileRef = F25887802960459000BC4A43 /* AuthenticationErrorLabel.swift */; };
		F258878629604E0E00BC4A43 /* AuthenticationTests.swift in Sources */ = {isa = PBXBuildFile; fileRef = F258878529604E0E00BC4A43 /* AuthenticationTests.swift */; };
		F25887BF2960547E00BC4A43 /* FirebaseFirestoreSwift in Frameworks */ = {isa = PBXBuildFile; productRef = F25887BE2960547E00BC4A43 /* FirebaseFirestoreSwift */; };
		F25887C52960711700BC4A43 /* BaseTasksVC.swift in Sources */ = {isa = PBXBuildFile; fileRef = F25887C42960711700BC4A43 /* BaseTasksVC.swift */; };
		F25887C72960711F00BC4A43 /* TasksView.swift in Sources */ = {isa = PBXBuildFile; fileRef = F25887C62960711F00BC4A43 /* TasksView.swift */; };
		F25887CA296071DA00BC4A43 /* MainTasksModel.swift in Sources */ = {isa = PBXBuildFile; fileRef = F25887C9296071DA00BC4A43 /* MainTasksModel.swift */; };
		F25887CC296071EA00BC4A43 /* MainTasksVC.swift in Sources */ = {isa = PBXBuildFile; fileRef = F25887CB296071EA00BC4A43 /* MainTasksVC.swift */; };
		F25887D3296072AD00BC4A43 /* TasksVM.swift in Sources */ = {isa = PBXBuildFile; fileRef = F25887D2296072AD00BC4A43 /* TasksVM.swift */; };
		F25887D62960733C00BC4A43 /* TodoTask.swift in Sources */ = {isa = PBXBuildFile; fileRef = F25887D52960733C00BC4A43 /* TodoTask.swift */; };
		F25887D929607F6900BC4A43 /* TaskTableViewCell.swift in Sources */ = {isa = PBXBuildFile; fileRef = F25887D829607F6900BC4A43 /* TaskTableViewCell.swift */; };
		F25887DC2960AB6200BC4A43 /* QueryDocumentSnapshot+Extensions.swift in Sources */ = {isa = PBXBuildFile; fileRef = F25887DB2960AB6200BC4A43 /* QueryDocumentSnapshot+Extensions.swift */; };
		F25887DF2960B52100BC4A43 /* TasksTab.swift in Sources */ = {isa = PBXBuildFile; fileRef = F25887DE2960B52100BC4A43 /* TasksTab.swift */; };
		F25887E32960C3EF00BC4A43 /* CompletedTasksModel.swift in Sources */ = {isa = PBXBuildFile; fileRef = F25887E22960C3EF00BC4A43 /* CompletedTasksModel.swift */; };
		F25887E52960C3F500BC4A43 /* CompletedTasksVC.swift in Sources */ = {isa = PBXBuildFile; fileRef = F25887E42960C3F500BC4A43 /* CompletedTasksVC.swift */; };
		F25887EB2960C45900BC4A43 /* ArchivedTasksModel.swift in Sources */ = {isa = PBXBuildFile; fileRef = F25887EA2960C45900BC4A43 /* ArchivedTasksModel.swift */; };
		F25887ED2960C45D00BC4A43 /* ArchivedTasksVC.swift in Sources */ = {isa = PBXBuildFile; fileRef = F25887EC2960C45D00BC4A43 /* ArchivedTasksVC.swift */; };
		F25887F32960C60A00BC4A43 /* BaseTasksModel.swift in Sources */ = {isa = PBXBuildFile; fileRef = F25887F22960C60A00BC4A43 /* BaseTasksModel.swift */; };
		F25887F62960CD6200BC4A43 /* AddTaskVC.swift in Sources */ = {isa = PBXBuildFile; fileRef = F25887F52960CD6200BC4A43 /* AddTaskVC.swift */; };
		F25887F82960CEF100BC4A43 /* AddTaskView.swift in Sources */ = {isa = PBXBuildFile; fileRef = F25887F72960CEF100BC4A43 /* AddTaskView.swift */; };
		F25887FA2960E85600BC4A43 /* AddTaskModel.swift in Sources */ = {isa = PBXBuildFile; fileRef = F25887F92960E85600BC4A43 /* AddTaskModel.swift */; };
		F25887FC2960E86300BC4A43 /* AddTaskVM.swift in Sources */ = {isa = PBXBuildFile; fileRef = F25887FB2960E86300BC4A43 /* AddTaskVM.swift */; };
		F25888002961098000BC4A43 /* EditTaskView.swift in Sources */ = {isa = PBXBuildFile; fileRef = F25887FF2961098000BC4A43 /* EditTaskView.swift */; };
		F258880229610C4600BC4A43 /* EdittaskModel.swift in Sources */ = {isa = PBXBuildFile; fileRef = F258880129610C4600BC4A43 /* EdittaskModel.swift */; };
		F258880429610CFE00BC4A43 /* EditTaskVC.swift in Sources */ = {isa = PBXBuildFile; fileRef = F258880329610CFE00BC4A43 /* EditTaskVC.swift */; };
		F258880629610E5C00BC4A43 /* EditTaskVM.swift in Sources */ = {isa = PBXBuildFile; fileRef = F258880529610E5C00BC4A43 /* EditTaskVM.swift */; };
/* End PBXBuildFile section */

/* Begin PBXContainerItemProxy section */
		F258873329600E4000BC4A43 /* PBXContainerItemProxy */ = {
			isa = PBXContainerItemProxy;
			containerPortal = F258871129600E3F00BC4A43 /* Project object */;
			proxyType = 1;
			remoteGlobalIDString = F258871829600E3F00BC4A43;
			remoteInfo = eMasaryTask;
		};
		F258873D29600E4000BC4A43 /* PBXContainerItemProxy */ = {
			isa = PBXContainerItemProxy;
			containerPortal = F258871129600E3F00BC4A43 /* Project object */;
			proxyType = 1;
			remoteGlobalIDString = F258871829600E3F00BC4A43;
			remoteInfo = eMasaryTask;
		};
/* End PBXContainerItemProxy section */

/* Begin PBXFileReference section */
		F258871929600E3F00BC4A43 /* eMasaryTask.app */ = {isa = PBXFileReference; explicitFileType = wrapper.application; includeInIndex = 0; path = eMasaryTask.app; sourceTree = BUILT_PRODUCTS_DIR; };
		F258871C29600E3F00BC4A43 /* AppDelegate.swift */ = {isa = PBXFileReference; lastKnownFileType = sourcecode.swift; path = AppDelegate.swift; sourceTree = "<group>"; };
		F258871E29600E3F00BC4A43 /* SceneDelegate.swift */ = {isa = PBXFileReference; lastKnownFileType = sourcecode.swift; path = SceneDelegate.swift; sourceTree = "<group>"; };
		F258872629600E3F00BC4A43 /* eMasaryTask.xcdatamodel */ = {isa = PBXFileReference; lastKnownFileType = wrapper.xcdatamodel; path = eMasaryTask.xcdatamodel; sourceTree = "<group>"; };
		F258872829600E4000BC4A43 /* Assets.xcassets */ = {isa = PBXFileReference; lastKnownFileType = folder.assetcatalog; path = Assets.xcassets; sourceTree = "<group>"; };
		F258872B29600E4000BC4A43 /* Base */ = {isa = PBXFileReference; lastKnownFileType = file.storyboard; name = Base; path = Base.lproj/LaunchScreen.storyboard; sourceTree = "<group>"; };
		F258872D29600E4000BC4A43 /* Info.plist */ = {isa = PBXFileReference; lastKnownFileType = text.plist.xml; path = Info.plist; sourceTree = "<group>"; };
		F258873229600E4000BC4A43 /* eMasaryTaskTests.xctest */ = {isa = PBXFileReference; explicitFileType = wrapper.cfbundle; includeInIndex = 0; path = eMasaryTaskTests.xctest; sourceTree = BUILT_PRODUCTS_DIR; };
		F258873C29600E4000BC4A43 /* eMasaryTaskUITests.xctest */ = {isa = PBXFileReference; explicitFileType = wrapper.cfbundle; includeInIndex = 0; path = eMasaryTaskUITests.xctest; sourceTree = BUILT_PRODUCTS_DIR; };
		F258874029600E4000BC4A43 /* eMasaryTaskUITests.swift */ = {isa = PBXFileReference; lastKnownFileType = sourcecode.swift; path = eMasaryTaskUITests.swift; sourceTree = "<group>"; };
		F258874229600E4000BC4A43 /* eMasaryTaskUITestsLaunchTests.swift */ = {isa = PBXFileReference; lastKnownFileType = sourcecode.swift; path = eMasaryTaskUITestsLaunchTests.swift; sourceTree = "<group>"; };
		F2588752296014D100BC4A43 /* GoogleService-Info.plist */ = {isa = PBXFileReference; fileEncoding = 4; lastKnownFileType = text.plist.xml; path = "GoogleService-Info.plist"; sourceTree = "<group>"; };
		F258875B2960188F00BC4A43 /* FirebaseManager.swift */ = {isa = PBXFileReference; lastKnownFileType = sourcecode.swift; path = FirebaseManager.swift; sourceTree = "<group>"; };
		F25887612960244700BC4A43 /* AuthenticationView.swift */ = {isa = PBXFileReference; lastKnownFileType = sourcecode.swift; path = AuthenticationView.swift; sourceTree = "<group>"; };
		F25887662960255B00BC4A43 /* BaseView.swift */ = {isa = PBXFileReference; lastKnownFileType = sourcecode.swift; path = BaseView.swift; sourceTree = "<group>"; };
		F25887692960308200BC4A43 /* AuthenticationTextField.swift */ = {isa = PBXFileReference; lastKnownFileType = sourcecode.swift; path = AuthenticationTextField.swift; sourceTree = "<group>"; };
		F258876D2960318E00BC4A43 /* SignInVC.swift */ = {isa = PBXFileReference; lastKnownFileType = sourcecode.swift; path = SignInVC.swift; sourceTree = "<group>"; };
		F258876F2960319500BC4A43 /* SignInVM.swift */ = {isa = PBXFileReference; lastKnownFileType = sourcecode.swift; path = SignInVM.swift; sourceTree = "<group>"; };
		F25887712960319F00BC4A43 /* SignInView.swift */ = {isa = PBXFileReference; lastKnownFileType = sourcecode.swift; path = SignInView.swift; sourceTree = "<group>"; };
		F2588773296031A600BC4A43 /* SignInModel.swift */ = {isa = PBXFileReference; lastKnownFileType = sourcecode.swift; path = SignInModel.swift; sourceTree = "<group>"; };
		F2588776296031C200BC4A43 /* SignUpVC.swift */ = {isa = PBXFileReference; lastKnownFileType = sourcecode.swift; path = SignUpVC.swift; sourceTree = "<group>"; };
		F2588778296031C900BC4A43 /* SignUpModel.swift */ = {isa = PBXFileReference; lastKnownFileType = sourcecode.swift; path = SignUpModel.swift; sourceTree = "<group>"; };
		F258877A296031D400BC4A43 /* SignUpView.swift */ = {isa = PBXFileReference; lastKnownFileType = sourcecode.swift; path = SignUpView.swift; sourceTree = "<group>"; };
		F258877C296031DC00BC4A43 /* SignUpVM.swift */ = {isa = PBXFileReference; lastKnownFileType = sourcecode.swift; path = SignUpVM.swift; sourceTree = "<group>"; };
		F258877E29603F5800BC4A43 /* BaseVC.swift */ = {isa = PBXFileReference; lastKnownFileType = sourcecode.swift; path = BaseVC.swift; sourceTree = "<group>"; };
		F25887802960459000BC4A43 /* AuthenticationErrorLabel.swift */ = {isa = PBXFileReference; lastKnownFileType = sourcecode.swift; path = AuthenticationErrorLabel.swift; sourceTree = "<group>"; };
		F258878529604E0E00BC4A43 /* AuthenticationTests.swift */ = {isa = PBXFileReference; lastKnownFileType = sourcecode.swift; path = AuthenticationTests.swift; sourceTree = "<group>"; };
		F25887C42960711700BC4A43 /* BaseTasksVC.swift */ = {isa = PBXFileReference; lastKnownFileType = sourcecode.swift; path = BaseTasksVC.swift; sourceTree = "<group>"; };
		F25887C62960711F00BC4A43 /* TasksView.swift */ = {isa = PBXFileReference; lastKnownFileType = sourcecode.swift; path = TasksView.swift; sourceTree = "<group>"; };
		F25887C9296071DA00BC4A43 /* MainTasksModel.swift */ = {isa = PBXFileReference; lastKnownFileType = sourcecode.swift; path = MainTasksModel.swift; sourceTree = "<group>"; };
		F25887CB296071EA00BC4A43 /* MainTasksVC.swift */ = {isa = PBXFileReference; lastKnownFileType = sourcecode.swift; path = MainTasksVC.swift; sourceTree = "<group>"; };
		F25887D2296072AD00BC4A43 /* TasksVM.swift */ = {isa = PBXFileReference; lastKnownFileType = sourcecode.swift; path = TasksVM.swift; sourceTree = "<group>"; };
		F25887D52960733C00BC4A43 /* TodoTask.swift */ = {isa = PBXFileReference; lastKnownFileType = sourcecode.swift; path = TodoTask.swift; sourceTree = "<group>"; };
		F25887D829607F6900BC4A43 /* TaskTableViewCell.swift */ = {isa = PBXFileReference; lastKnownFileType = sourcecode.swift; path = TaskTableViewCell.swift; sourceTree = "<group>"; };
		F25887DB2960AB6200BC4A43 /* QueryDocumentSnapshot+Extensions.swift */ = {isa = PBXFileReference; lastKnownFileType = sourcecode.swift; path = "QueryDocumentSnapshot+Extensions.swift"; sourceTree = "<group>"; };
		F25887DE2960B52100BC4A43 /* TasksTab.swift */ = {isa = PBXFileReference; lastKnownFileType = sourcecode.swift; path = TasksTab.swift; sourceTree = "<group>"; };
		F25887E22960C3EF00BC4A43 /* CompletedTasksModel.swift */ = {isa = PBXFileReference; lastKnownFileType = sourcecode.swift; path = CompletedTasksModel.swift; sourceTree = "<group>"; };
		F25887E42960C3F500BC4A43 /* CompletedTasksVC.swift */ = {isa = PBXFileReference; lastKnownFileType = sourcecode.swift; path = CompletedTasksVC.swift; sourceTree = "<group>"; };
		F25887EA2960C45900BC4A43 /* ArchivedTasksModel.swift */ = {isa = PBXFileReference; lastKnownFileType = sourcecode.swift; path = ArchivedTasksModel.swift; sourceTree = "<group>"; };
		F25887EC2960C45D00BC4A43 /* ArchivedTasksVC.swift */ = {isa = PBXFileReference; lastKnownFileType = sourcecode.swift; path = ArchivedTasksVC.swift; sourceTree = "<group>"; };
		F25887F22960C60A00BC4A43 /* BaseTasksModel.swift */ = {isa = PBXFileReference; lastKnownFileType = sourcecode.swift; path = BaseTasksModel.swift; sourceTree = "<group>"; };
		F25887F52960CD6200BC4A43 /* AddTaskVC.swift */ = {isa = PBXFileReference; lastKnownFileType = sourcecode.swift; path = AddTaskVC.swift; sourceTree = "<group>"; };
		F25887F72960CEF100BC4A43 /* AddTaskView.swift */ = {isa = PBXFileReference; lastKnownFileType = sourcecode.swift; path = AddTaskView.swift; sourceTree = "<group>"; };
		F25887F92960E85600BC4A43 /* AddTaskModel.swift */ = {isa = PBXFileReference; lastKnownFileType = sourcecode.swift; path = AddTaskModel.swift; sourceTree = "<group>"; };
		F25887FB2960E86300BC4A43 /* AddTaskVM.swift */ = {isa = PBXFileReference; lastKnownFileType = sourcecode.swift; path = AddTaskVM.swift; sourceTree = "<group>"; };
		F25887FF2961098000BC4A43 /* EditTaskView.swift */ = {isa = PBXFileReference; lastKnownFileType = sourcecode.swift; path = EditTaskView.swift; sourceTree = "<group>"; };
		F258880129610C4600BC4A43 /* EdittaskModel.swift */ = {isa = PBXFileReference; lastKnownFileType = sourcecode.swift; path = EdittaskModel.swift; sourceTree = "<group>"; };
		F258880329610CFE00BC4A43 /* EditTaskVC.swift */ = {isa = PBXFileReference; lastKnownFileType = sourcecode.swift; path = EditTaskVC.swift; sourceTree = "<group>"; };
		F258880529610E5C00BC4A43 /* EditTaskVM.swift */ = {isa = PBXFileReference; lastKnownFileType = sourcecode.swift; path = EditTaskVM.swift; sourceTree = "<group>"; };
/* End PBXFileReference section */

/* Begin PBXFrameworksBuildPhase section */
		F258871629600E3F00BC4A43 /* Frameworks */ = {
			isa = PBXFrameworksBuildPhase;
			buildActionMask = 2147483647;
			files = (
				F25887562960183700BC4A43 /* FirebaseFirestore in Frameworks */,
				F25887582960183700BC4A43 /* FirebaseFunctions in Frameworks */,
			);
			runOnlyForDeploymentPostprocessing = 0;
		};
		F258872F29600E4000BC4A43 /* Frameworks */ = {
			isa = PBXFrameworksBuildPhase;
			buildActionMask = 2147483647;
			files = (
				F25887BF2960547E00BC4A43 /* FirebaseFirestoreSwift in Frameworks */,
			);
			runOnlyForDeploymentPostprocessing = 0;
		};
		F258873929600E4000BC4A43 /* Frameworks */ = {
			isa = PBXFrameworksBuildPhase;
			buildActionMask = 2147483647;
			files = (
			);
			runOnlyForDeploymentPostprocessing = 0;
		};
/* End PBXFrameworksBuildPhase section */

/* Begin PBXGroup section */
		F258871029600E3F00BC4A43 = {
			isa = PBXGroup;
			children = (
				F258871B29600E3F00BC4A43 /* eMasaryTask */,
				F258873529600E4000BC4A43 /* eMasaryTaskTests */,
				F258873F29600E4000BC4A43 /* eMasaryTaskUITests */,
				F258871A29600E3F00BC4A43 /* Products */,
				F258878729604F0100BC4A43 /* Frameworks */,
			);
			sourceTree = "<group>";
		};
		F258871A29600E3F00BC4A43 /* Products */ = {
			isa = PBXGroup;
			children = (
				F258871929600E3F00BC4A43 /* eMasaryTask.app */,
				F258873229600E4000BC4A43 /* eMasaryTaskTests.xctest */,
				F258873C29600E4000BC4A43 /* eMasaryTaskUITests.xctest */,
			);
			name = Products;
			sourceTree = "<group>";
		};
		F258871B29600E3F00BC4A43 /* eMasaryTask */ = {
			isa = PBXGroup;
			children = (
				F25887DA2960AB5600BC4A43 /* Extensions */,
				F25887D42960732A00BC4A43 /* Library */,
				F258871C29600E3F00BC4A43 /* AppDelegate.swift */,
				F258871E29600E3F00BC4A43 /* SceneDelegate.swift */,
				F258872529600E3F00BC4A43 /* eMasaryTask.xcdatamodeld */,
				F258872A29600E4000BC4A43 /* LaunchScreen.storyboard */,
				F25887512960138900BC4A43 /* Resources */,
				F25887592960184C00BC4A43 /* Services */,
				F25887502960100E00BC4A43 /* UserStories */,
				F25887682960306E00BC4A43 /* Views */,
			);
			path = eMasaryTask;
			sourceTree = "<group>";
		};
		F258873529600E4000BC4A43 /* eMasaryTaskTests */ = {
			isa = PBXGroup;
			children = (
				F258878529604E0E00BC4A43 /* AuthenticationTests.swift */,
			);
			path = eMasaryTaskTests;
			sourceTree = "<group>";
		};
		F258873F29600E4000BC4A43 /* eMasaryTaskUITests */ = {
			isa = PBXGroup;
			children = (
				F258874029600E4000BC4A43 /* eMasaryTaskUITests.swift */,
				F258874229600E4000BC4A43 /* eMasaryTaskUITestsLaunchTests.swift */,
			);
			path = eMasaryTaskUITests;
			sourceTree = "<group>";
		};
		F258874F2960100200BC4A43 /* Authentication */ = {
			isa = PBXGroup;
			children = (
				F258876B2960315A00BC4A43 /* Base */,
				F258876C2960316C00BC4A43 /* SignIn */,
				F2588775296031B300BC4A43 /* SignUp */,
			);
			path = Authentication;
			sourceTree = "<group>";
		};
		F25887502960100E00BC4A43 /* UserStories */ = {
			isa = PBXGroup;
			children = (
				F25887C2296070E100BC4A43 /* Tasks */,
				F25887652960255000BC4A43 /* BaseClasses */,
				F258874F2960100200BC4A43 /* Authentication */,
			);
			path = UserStories;
			sourceTree = "<group>";
		};
		F25887512960138900BC4A43 /* Resources */ = {
			isa = PBXGroup;
			children = (
				F2588752296014D100BC4A43 /* GoogleService-Info.plist */,
				F258872D29600E4000BC4A43 /* Info.plist */,
				F258872829600E4000BC4A43 /* Assets.xcassets */,
			);
			path = Resources;
			sourceTree = "<group>";
		};
		F25887592960184C00BC4A43 /* Services */ = {
			isa = PBXGroup;
			children = (
				F258875A2960187F00BC4A43 /* Firebase */,
			);
			path = Services;
			sourceTree = "<group>";
		};
		F258875A2960187F00BC4A43 /* Firebase */ = {
			isa = PBXGroup;
			children = (
				F258875B2960188F00BC4A43 /* FirebaseManager.swift */,
			);
			path = Firebase;
			sourceTree = "<group>";
		};
		F25887652960255000BC4A43 /* BaseClasses */ = {
			isa = PBXGroup;
			children = (
				F25887662960255B00BC4A43 /* BaseView.swift */,
				F258877E29603F5800BC4A43 /* BaseVC.swift */,
			);
			path = BaseClasses;
			sourceTree = "<group>";
		};
		F25887682960306E00BC4A43 /* Views */ = {
			isa = PBXGroup;
			children = (
				F25887802960459000BC4A43 /* AuthenticationErrorLabel.swift */,
				F25887692960308200BC4A43 /* AuthenticationTextField.swift */,
			);
			path = Views;
			sourceTree = "<group>";
		};
		F258876B2960315A00BC4A43 /* Base */ = {
			isa = PBXGroup;
			children = (
				F25887612960244700BC4A43 /* AuthenticationView.swift */,
			);
			path = Base;
			sourceTree = "<group>";
		};
		F258876C2960316C00BC4A43 /* SignIn */ = {
			isa = PBXGroup;
			children = (
				F2588773296031A600BC4A43 /* SignInModel.swift */,
				F258876D2960318E00BC4A43 /* SignInVC.swift */,
				F25887712960319F00BC4A43 /* SignInView.swift */,
				F258876F2960319500BC4A43 /* SignInVM.swift */,
			);
			path = SignIn;
			sourceTree = "<group>";
		};
		F2588775296031B300BC4A43 /* SignUp */ = {
			isa = PBXGroup;
			children = (
				F2588778296031C900BC4A43 /* SignUpModel.swift */,
				F2588776296031C200BC4A43 /* SignUpVC.swift */,
				F258877A296031D400BC4A43 /* SignUpView.swift */,
				F258877C296031DC00BC4A43 /* SignUpVM.swift */,
			);
			path = SignUp;
			sourceTree = "<group>";
		};
		F258878729604F0100BC4A43 /* Frameworks */ = {
			isa = PBXGroup;
			children = (
			);
			name = Frameworks;
			sourceTree = "<group>";
		};
		F25887C2296070E100BC4A43 /* Tasks */ = {
			isa = PBXGroup;
			children = (
				F25887F42960CD5000BC4A43 /* AddEditTask */,
				F25887E12960C36D00BC4A43 /* ArchivedTasks */,
				F25887C3296070FD00BC4A43 /* Base */,
				F25887E02960C36500BC4A43 /* CompletedTasks */,
				F25887C8296071C900BC4A43 /* MainTasks */,
				F25887DD2960B50300BC4A43 /* TasksTab */,
			);
			path = Tasks;
			sourceTree = "<group>";
		};
		F25887C3296070FD00BC4A43 /* Base */ = {
			isa = PBXGroup;
			children = (
				F25887C42960711700BC4A43 /* BaseTasksVC.swift */,
				F25887C62960711F00BC4A43 /* TasksView.swift */,
				F25887D2296072AD00BC4A43 /* TasksVM.swift */,
				F25887D829607F6900BC4A43 /* TaskTableViewCell.swift */,
				F25887F22960C60A00BC4A43 /* BaseTasksModel.swift */,
			);
			path = Base;
			sourceTree = "<group>";
		};
		F25887C8296071C900BC4A43 /* MainTasks */ = {
			isa = PBXGroup;
			children = (
				F25887C9296071DA00BC4A43 /* MainTasksModel.swift */,
				F25887CB296071EA00BC4A43 /* MainTasksVC.swift */,
			);
			path = MainTasks;
			sourceTree = "<group>";
		};
		F25887D42960732A00BC4A43 /* Library */ = {
			isa = PBXGroup;
			children = (
				F25887D72960734200BC4A43 /* Models */,
			);
			path = Library;
			sourceTree = "<group>";
		};
		F25887D72960734200BC4A43 /* Models */ = {
			isa = PBXGroup;
			children = (
				F25887D52960733C00BC4A43 /* TodoTask.swift */,
			);
			path = Models;
			sourceTree = "<group>";
		};
		F25887DA2960AB5600BC4A43 /* Extensions */ = {
			isa = PBXGroup;
			children = (
				F25887DB2960AB6200BC4A43 /* QueryDocumentSnapshot+Extensions.swift */,
			);
			path = Extensions;
			sourceTree = "<group>";
		};
		F25887DD2960B50300BC4A43 /* TasksTab */ = {
			isa = PBXGroup;
			children = (
				F25887DE2960B52100BC4A43 /* TasksTab.swift */,
			);
			path = TasksTab;
			sourceTree = "<group>";
		};
		F25887E02960C36500BC4A43 /* CompletedTasks */ = {
			isa = PBXGroup;
			children = (
				F25887E22960C3EF00BC4A43 /* CompletedTasksModel.swift */,
				F25887E42960C3F500BC4A43 /* CompletedTasksVC.swift */,
			);
			path = CompletedTasks;
			sourceTree = "<group>";
		};
		F25887E12960C36D00BC4A43 /* ArchivedTasks */ = {
			isa = PBXGroup;
			children = (
				F25887EA2960C45900BC4A43 /* ArchivedTasksModel.swift */,
				F25887EC2960C45D00BC4A43 /* ArchivedTasksVC.swift */,
			);
			path = ArchivedTasks;
			sourceTree = "<group>";
		};
		F25887F42960CD5000BC4A43 /* AddEditTask */ = {
			isa = PBXGroup;
			children = (
				F25887FD2961093400BC4A43 /* AddTask */,
				F25887FE2961094500BC4A43 /* EditTask */,
			);
			path = AddEditTask;
			sourceTree = "<group>";
		};
		F25887FD2961093400BC4A43 /* AddTask */ = {
			isa = PBXGroup;
			children = (
				F25887F72960CEF100BC4A43 /* AddTaskView.swift */,
				F25887F92960E85600BC4A43 /* AddTaskModel.swift */,
				F25887F52960CD6200BC4A43 /* AddTaskVC.swift */,
				F25887FB2960E86300BC4A43 /* AddTaskVM.swift */,
			);
			path = AddTask;
			sourceTree = "<group>";
		};
		F25887FE2961094500BC4A43 /* EditTask */ = {
			isa = PBXGroup;
			children = (
				F25887FF2961098000BC4A43 /* EditTaskView.swift */,
				F258880129610C4600BC4A43 /* EdittaskModel.swift */,
				F258880329610CFE00BC4A43 /* EditTaskVC.swift */,
				F258880529610E5C00BC4A43 /* EditTaskVM.swift */,
			);
			path = EditTask;
			sourceTree = "<group>";
		};
/* End PBXGroup section */

/* Begin PBXNativeTarget section */
		F258871829600E3F00BC4A43 /* eMasaryTask */ = {
			isa = PBXNativeTarget;
			buildConfigurationList = F258874629600E4000BC4A43 /* Build configuration list for PBXNativeTarget "eMasaryTask" */;
			buildPhases = (
				F258871529600E3F00BC4A43 /* Sources */,
				F258871629600E3F00BC4A43 /* Frameworks */,
				F258871729600E3F00BC4A43 /* Resources */,
			);
			buildRules = (
			);
			dependencies = (
			);
			name = eMasaryTask;
			packageProductDependencies = (
				F25887552960183700BC4A43 /* FirebaseFirestore */,
				F25887572960183700BC4A43 /* FirebaseFunctions */,
			);
			productName = eMasaryTask;
			productReference = F258871929600E3F00BC4A43 /* eMasaryTask.app */;
			productType = "com.apple.product-type.application";
		};
		F258873129600E4000BC4A43 /* eMasaryTaskTests */ = {
			isa = PBXNativeTarget;
			buildConfigurationList = F258874929600E4000BC4A43 /* Build configuration list for PBXNativeTarget "eMasaryTaskTests" */;
			buildPhases = (
				F258872E29600E4000BC4A43 /* Sources */,
				F258872F29600E4000BC4A43 /* Frameworks */,
				F258873029600E4000BC4A43 /* Resources */,
			);
			buildRules = (
			);
			dependencies = (
				F258873429600E4000BC4A43 /* PBXTargetDependency */,
			);
			name = eMasaryTaskTests;
			packageProductDependencies = (
				F25887BE2960547E00BC4A43 /* FirebaseFirestoreSwift */,
			);
			productName = eMasaryTaskTests;
			productReference = F258873229600E4000BC4A43 /* eMasaryTaskTests.xctest */;
			productType = "com.apple.product-type.bundle.unit-test";
		};
		F258873B29600E4000BC4A43 /* eMasaryTaskUITests */ = {
			isa = PBXNativeTarget;
			buildConfigurationList = F258874C29600E4000BC4A43 /* Build configuration list for PBXNativeTarget "eMasaryTaskUITests" */;
			buildPhases = (
				F258873829600E4000BC4A43 /* Sources */,
				F258873929600E4000BC4A43 /* Frameworks */,
				F258873A29600E4000BC4A43 /* Resources */,
			);
			buildRules = (
			);
			dependencies = (
				F258873E29600E4000BC4A43 /* PBXTargetDependency */,
			);
			name = eMasaryTaskUITests;
			productName = eMasaryTaskUITests;
			productReference = F258873C29600E4000BC4A43 /* eMasaryTaskUITests.xctest */;
			productType = "com.apple.product-type.bundle.ui-testing";
		};
/* End PBXNativeTarget section */

/* Begin PBXProject section */
		F258871129600E3F00BC4A43 /* Project object */ = {
			isa = PBXProject;
			attributes = {
				BuildIndependentTargetsInParallel = 1;
				LastSwiftUpdateCheck = 1420;
				LastUpgradeCheck = 1420;
				TargetAttributes = {
					F258871829600E3F00BC4A43 = {
						CreatedOnToolsVersion = 14.2;
					};
					F258873129600E4000BC4A43 = {
						CreatedOnToolsVersion = 14.2;
						LastSwiftMigration = 1420;
						TestTargetID = F258871829600E3F00BC4A43;
					};
					F258873B29600E4000BC4A43 = {
						CreatedOnToolsVersion = 14.2;
						TestTargetID = F258871829600E3F00BC4A43;
					};
				};
			};
			buildConfigurationList = F258871429600E3F00BC4A43 /* Build configuration list for PBXProject "eMasaryTask" */;
			compatibilityVersion = "Xcode 14.0";
			developmentRegion = en;
			hasScannedForEncodings = 0;
			knownRegions = (
				en,
				Base,
			);
			mainGroup = F258871029600E3F00BC4A43;
			packageReferences = (
				F25887542960183700BC4A43 /* XCRemoteSwiftPackageReference "firebase-ios-sdk" */,
			);
			productRefGroup = F258871A29600E3F00BC4A43 /* Products */;
			projectDirPath = "";
			projectRoot = "";
			targets = (
				F258871829600E3F00BC4A43 /* eMasaryTask */,
				F258873129600E4000BC4A43 /* eMasaryTaskTests */,
				F258873B29600E4000BC4A43 /* eMasaryTaskUITests */,
			);
		};
/* End PBXProject section */

/* Begin PBXResourcesBuildPhase section */
		F258871729600E3F00BC4A43 /* Resources */ = {
			isa = PBXResourcesBuildPhase;
			buildActionMask = 2147483647;
			files = (
				F258872C29600E4000BC4A43 /* LaunchScreen.storyboard in Resources */,
				F258872929600E4000BC4A43 /* Assets.xcassets in Resources */,
				F2588753296014D100BC4A43 /* GoogleService-Info.plist in Resources */,
			);
			runOnlyForDeploymentPostprocessing = 0;
		};
		F258873029600E4000BC4A43 /* Resources */ = {
			isa = PBXResourcesBuildPhase;
			buildActionMask = 2147483647;
			files = (
			);
			runOnlyForDeploymentPostprocessing = 0;
		};
		F258873A29600E4000BC4A43 /* Resources */ = {
			isa = PBXResourcesBuildPhase;
			buildActionMask = 2147483647;
			files = (
			);
			runOnlyForDeploymentPostprocessing = 0;
		};
/* End PBXResourcesBuildPhase section */

/* Begin PBXSourcesBuildPhase section */
		F258871529600E3F00BC4A43 /* Sources */ = {
			isa = PBXSourcesBuildPhase;
			buildActionMask = 2147483647;
			files = (
				F25887D3296072AD00BC4A43 /* TasksVM.swift in Sources */,
				F258875C2960188F00BC4A43 /* FirebaseManager.swift in Sources */,
				F258872729600E3F00BC4A43 /* eMasaryTask.xcdatamodeld in Sources */,
				F2588779296031C900BC4A43 /* SignUpModel.swift in Sources */,
				F25887F62960CD6200BC4A43 /* AddTaskVC.swift in Sources */,
				F2588774296031A600BC4A43 /* SignInModel.swift in Sources */,
				F25887D929607F6900BC4A43 /* TaskTableViewCell.swift in Sources */,
				F25887E32960C3EF00BC4A43 /* CompletedTasksModel.swift in Sources */,
				F25887F82960CEF100BC4A43 /* AddTaskView.swift in Sources */,
				F25888002961098000BC4A43 /* EditTaskView.swift in Sources */,
				F25887622960244700BC4A43 /* AuthenticationView.swift in Sources */,
				F258876E2960318E00BC4A43 /* SignInVC.swift in Sources */,
				F25887812960459000BC4A43 /* AuthenticationErrorLabel.swift in Sources */,
				F258876A2960308200BC4A43 /* AuthenticationTextField.swift in Sources */,
				F25887DF2960B52100BC4A43 /* TasksTab.swift in Sources */,
				F25887FA2960E85600BC4A43 /* AddTaskModel.swift in Sources */,
				F25887F32960C60A00BC4A43 /* BaseTasksModel.swift in Sources */,
				F258877D296031DC00BC4A43 /* SignUpVM.swift in Sources */,
				F25887702960319500BC4A43 /* SignInVM.swift in Sources */,
				F258880629610E5C00BC4A43 /* EditTaskVM.swift in Sources */,
				F25887672960255B00BC4A43 /* BaseView.swift in Sources */,
				F25887C72960711F00BC4A43 /* TasksView.swift in Sources */,
				F25887EB2960C45900BC4A43 /* ArchivedTasksModel.swift in Sources */,
				F25887E52960C3F500BC4A43 /* CompletedTasksVC.swift in Sources */,
				F258877B296031D400BC4A43 /* SignUpView.swift in Sources */,
				F258877F29603F5800BC4A43 /* BaseVC.swift in Sources */,
				F258880429610CFE00BC4A43 /* EditTaskVC.swift in Sources */,
				F258871D29600E3F00BC4A43 /* AppDelegate.swift in Sources */,
				F258871F29600E3F00BC4A43 /* SceneDelegate.swift in Sources */,
				F2588777296031C200BC4A43 /* SignUpVC.swift in Sources */,
				F25887C52960711700BC4A43 /* BaseTasksVC.swift in Sources */,
				F25887D62960733C00BC4A43 /* TodoTask.swift in Sources */,
				F25887CC296071EA00BC4A43 /* MainTasksVC.swift in Sources */,
				F25887ED2960C45D00BC4A43 /* ArchivedTasksVC.swift in Sources */,
				F25887FC2960E86300BC4A43 /* AddTaskVM.swift in Sources */,
				F25887722960319F00BC4A43 /* SignInView.swift in Sources */,
				F25887DC2960AB6200BC4A43 /* QueryDocumentSnapshot+Extensions.swift in Sources */,
				F258880229610C4600BC4A43 /* EdittaskModel.swift in Sources */,
				F25887CA296071DA00BC4A43 /* MainTasksModel.swift in Sources */,
			);
			runOnlyForDeploymentPostprocessing = 0;
		};
		F258872E29600E4000BC4A43 /* Sources */ = {
			isa = PBXSourcesBuildPhase;
			buildActionMask = 2147483647;
			files = (
				F258878629604E0E00BC4A43 /* AuthenticationTests.swift in Sources */,
			);
			runOnlyForDeploymentPostprocessing = 0;
		};
		F258873829600E4000BC4A43 /* Sources */ = {
			isa = PBXSourcesBuildPhase;
			buildActionMask = 2147483647;
			files = (
				F258874329600E4000BC4A43 /* eMasaryTaskUITestsLaunchTests.swift in Sources */,
				F258874129600E4000BC4A43 /* eMasaryTaskUITests.swift in Sources */,
			);
			runOnlyForDeploymentPostprocessing = 0;
		};
/* End PBXSourcesBuildPhase section */

/* Begin PBXTargetDependency section */
		F258873429600E4000BC4A43 /* PBXTargetDependency */ = {
			isa = PBXTargetDependency;
			target = F258871829600E3F00BC4A43 /* eMasaryTask */;
			targetProxy = F258873329600E4000BC4A43 /* PBXContainerItemProxy */;
		};
		F258873E29600E4000BC4A43 /* PBXTargetDependency */ = {
			isa = PBXTargetDependency;
			target = F258871829600E3F00BC4A43 /* eMasaryTask */;
			targetProxy = F258873D29600E4000BC4A43 /* PBXContainerItemProxy */;
		};
/* End PBXTargetDependency section */

/* Begin PBXVariantGroup section */
		F258872A29600E4000BC4A43 /* LaunchScreen.storyboard */ = {
			isa = PBXVariantGroup;
			children = (
				F258872B29600E4000BC4A43 /* Base */,
			);
			name = LaunchScreen.storyboard;
			sourceTree = "<group>";
		};
/* End PBXVariantGroup section */

/* Begin XCBuildConfiguration section */
		F258874429600E4000BC4A43 /* Debug */ = {
			isa = XCBuildConfiguration;
			buildSettings = {
				ALWAYS_SEARCH_USER_PATHS = NO;
				CLANG_ANALYZER_NONNULL = YES;
				CLANG_ANALYZER_NUMBER_OBJECT_CONVERSION = YES_AGGRESSIVE;
				CLANG_CXX_LANGUAGE_STANDARD = "gnu++20";
				CLANG_ENABLE_MODULES = YES;
				CLANG_ENABLE_OBJC_ARC = YES;
				CLANG_ENABLE_OBJC_WEAK = YES;
				CLANG_WARN_BLOCK_CAPTURE_AUTORELEASING = YES;
				CLANG_WARN_BOOL_CONVERSION = YES;
				CLANG_WARN_COMMA = YES;
				CLANG_WARN_CONSTANT_CONVERSION = YES;
				CLANG_WARN_DEPRECATED_OBJC_IMPLEMENTATIONS = YES;
				CLANG_WARN_DIRECT_OBJC_ISA_USAGE = YES_ERROR;
				CLANG_WARN_DOCUMENTATION_COMMENTS = YES;
				CLANG_WARN_EMPTY_BODY = YES;
				CLANG_WARN_ENUM_CONVERSION = YES;
				CLANG_WARN_INFINITE_RECURSION = YES;
				CLANG_WARN_INT_CONVERSION = YES;
				CLANG_WARN_NON_LITERAL_NULL_CONVERSION = YES;
				CLANG_WARN_OBJC_IMPLICIT_RETAIN_SELF = YES;
				CLANG_WARN_OBJC_LITERAL_CONVERSION = YES;
				CLANG_WARN_OBJC_ROOT_CLASS = YES_ERROR;
				CLANG_WARN_QUOTED_INCLUDE_IN_FRAMEWORK_HEADER = YES;
				CLANG_WARN_RANGE_LOOP_ANALYSIS = YES;
				CLANG_WARN_STRICT_PROTOTYPES = YES;
				CLANG_WARN_SUSPICIOUS_MOVE = YES;
				CLANG_WARN_UNGUARDED_AVAILABILITY = YES_AGGRESSIVE;
				CLANG_WARN_UNREACHABLE_CODE = YES;
				CLANG_WARN__DUPLICATE_METHOD_MATCH = YES;
				COPY_PHASE_STRIP = NO;
				DEBUG_INFORMATION_FORMAT = dwarf;
				ENABLE_STRICT_OBJC_MSGSEND = YES;
				ENABLE_TESTABILITY = YES;
				GCC_C_LANGUAGE_STANDARD = gnu11;
				GCC_DYNAMIC_NO_PIC = NO;
				GCC_NO_COMMON_BLOCKS = YES;
				GCC_OPTIMIZATION_LEVEL = 0;
				GCC_PREPROCESSOR_DEFINITIONS = (
					"DEBUG=1",
					"$(inherited)",
				);
				GCC_WARN_64_TO_32_BIT_CONVERSION = YES;
				GCC_WARN_ABOUT_RETURN_TYPE = YES_ERROR;
				GCC_WARN_UNDECLARED_SELECTOR = YES;
				GCC_WARN_UNINITIALIZED_AUTOS = YES_AGGRESSIVE;
				GCC_WARN_UNUSED_FUNCTION = YES;
				GCC_WARN_UNUSED_VARIABLE = YES;
				IPHONEOS_DEPLOYMENT_TARGET = 16.2;
				MTL_ENABLE_DEBUG_INFO = INCLUDE_SOURCE;
				MTL_FAST_MATH = YES;
				ONLY_ACTIVE_ARCH = YES;
				SDKROOT = iphoneos;
				SWIFT_ACTIVE_COMPILATION_CONDITIONS = DEBUG;
				SWIFT_OPTIMIZATION_LEVEL = "-Onone";
			};
			name = Debug;
		};
		F258874529600E4000BC4A43 /* Release */ = {
			isa = XCBuildConfiguration;
			buildSettings = {
				ALWAYS_SEARCH_USER_PATHS = NO;
				CLANG_ANALYZER_NONNULL = YES;
				CLANG_ANALYZER_NUMBER_OBJECT_CONVERSION = YES_AGGRESSIVE;
				CLANG_CXX_LANGUAGE_STANDARD = "gnu++20";
				CLANG_ENABLE_MODULES = YES;
				CLANG_ENABLE_OBJC_ARC = YES;
				CLANG_ENABLE_OBJC_WEAK = YES;
				CLANG_WARN_BLOCK_CAPTURE_AUTORELEASING = YES;
				CLANG_WARN_BOOL_CONVERSION = YES;
				CLANG_WARN_COMMA = YES;
				CLANG_WARN_CONSTANT_CONVERSION = YES;
				CLANG_WARN_DEPRECATED_OBJC_IMPLEMENTATIONS = YES;
				CLANG_WARN_DIRECT_OBJC_ISA_USAGE = YES_ERROR;
				CLANG_WARN_DOCUMENTATION_COMMENTS = YES;
				CLANG_WARN_EMPTY_BODY = YES;
				CLANG_WARN_ENUM_CONVERSION = YES;
				CLANG_WARN_INFINITE_RECURSION = YES;
				CLANG_WARN_INT_CONVERSION = YES;
				CLANG_WARN_NON_LITERAL_NULL_CONVERSION = YES;
				CLANG_WARN_OBJC_IMPLICIT_RETAIN_SELF = YES;
				CLANG_WARN_OBJC_LITERAL_CONVERSION = YES;
				CLANG_WARN_OBJC_ROOT_CLASS = YES_ERROR;
				CLANG_WARN_QUOTED_INCLUDE_IN_FRAMEWORK_HEADER = YES;
				CLANG_WARN_RANGE_LOOP_ANALYSIS = YES;
				CLANG_WARN_STRICT_PROTOTYPES = YES;
				CLANG_WARN_SUSPICIOUS_MOVE = YES;
				CLANG_WARN_UNGUARDED_AVAILABILITY = YES_AGGRESSIVE;
				CLANG_WARN_UNREACHABLE_CODE = YES;
				CLANG_WARN__DUPLICATE_METHOD_MATCH = YES;
				COPY_PHASE_STRIP = NO;
				DEBUG_INFORMATION_FORMAT = "dwarf-with-dsym";
				ENABLE_NS_ASSERTIONS = NO;
				ENABLE_STRICT_OBJC_MSGSEND = YES;
				GCC_C_LANGUAGE_STANDARD = gnu11;
				GCC_NO_COMMON_BLOCKS = YES;
				GCC_WARN_64_TO_32_BIT_CONVERSION = YES;
				GCC_WARN_ABOUT_RETURN_TYPE = YES_ERROR;
				GCC_WARN_UNDECLARED_SELECTOR = YES;
				GCC_WARN_UNINITIALIZED_AUTOS = YES_AGGRESSIVE;
				GCC_WARN_UNUSED_FUNCTION = YES;
				GCC_WARN_UNUSED_VARIABLE = YES;
				IPHONEOS_DEPLOYMENT_TARGET = 16.2;
				MTL_ENABLE_DEBUG_INFO = NO;
				MTL_FAST_MATH = YES;
				SDKROOT = iphoneos;
				SWIFT_COMPILATION_MODE = wholemodule;
				SWIFT_OPTIMIZATION_LEVEL = "-O";
				VALIDATE_PRODUCT = YES;
			};
			name = Release;
		};
		F258874729600E4000BC4A43 /* Debug */ = {
			isa = XCBuildConfiguration;
			buildSettings = {
				ASSETCATALOG_COMPILER_APPICON_NAME = AppIcon;
				ASSETCATALOG_COMPILER_GLOBAL_ACCENT_COLOR_NAME = AccentColor;
				CODE_SIGN_STYLE = Automatic;
				CURRENT_PROJECT_VERSION = 1;
				DEVELOPMENT_TEAM = 92248YS3F6;
				GENERATE_INFOPLIST_FILE = YES;
				INFOPLIST_FILE = eMasaryTask/Resources/Info.plist;
				INFOPLIST_KEY_UIApplicationSupportsIndirectInputEvents = YES;
				INFOPLIST_KEY_UILaunchStoryboardName = LaunchScreen;
				INFOPLIST_KEY_UISupportedInterfaceOrientations_iPad = "UIInterfaceOrientationPortrait UIInterfaceOrientationPortraitUpsideDown UIInterfaceOrientationLandscapeLeft UIInterfaceOrientationLandscapeRight";
				INFOPLIST_KEY_UISupportedInterfaceOrientations_iPhone = "UIInterfaceOrientationPortrait UIInterfaceOrientationLandscapeLeft UIInterfaceOrientationLandscapeRight";
				LD_RUNPATH_SEARCH_PATHS = (
					"$(inherited)",
					"@executable_path/Frameworks",
				);
				MARKETING_VERSION = 1.0;
				PRODUCT_BUNDLE_IDENTIFIER = me.elshazly.eMasaryTask;
				PRODUCT_NAME = "$(TARGET_NAME)";
				SWIFT_EMIT_LOC_STRINGS = YES;
				SWIFT_VERSION = 5.0;
				TARGETED_DEVICE_FAMILY = "1,2";
			};
			name = Debug;
		};
		F258874829600E4000BC4A43 /* Release */ = {
			isa = XCBuildConfiguration;
			buildSettings = {
				ASSETCATALOG_COMPILER_APPICON_NAME = AppIcon;
				ASSETCATALOG_COMPILER_GLOBAL_ACCENT_COLOR_NAME = AccentColor;
				CODE_SIGN_STYLE = Automatic;
				CURRENT_PROJECT_VERSION = 1;
				DEVELOPMENT_TEAM = 92248YS3F6;
				GENERATE_INFOPLIST_FILE = YES;
				INFOPLIST_FILE = eMasaryTask/Resources/Info.plist;
				INFOPLIST_KEY_UIApplicationSupportsIndirectInputEvents = YES;
				INFOPLIST_KEY_UILaunchStoryboardName = LaunchScreen;
				INFOPLIST_KEY_UISupportedInterfaceOrientations_iPad = "UIInterfaceOrientationPortrait UIInterfaceOrientationPortraitUpsideDown UIInterfaceOrientationLandscapeLeft UIInterfaceOrientationLandscapeRight";
				INFOPLIST_KEY_UISupportedInterfaceOrientations_iPhone = "UIInterfaceOrientationPortrait UIInterfaceOrientationLandscapeLeft UIInterfaceOrientationLandscapeRight";
				LD_RUNPATH_SEARCH_PATHS = (
					"$(inherited)",
					"@executable_path/Frameworks",
				);
				MARKETING_VERSION = 1.0;
				PRODUCT_BUNDLE_IDENTIFIER = me.elshazly.eMasaryTask;
				PRODUCT_NAME = "$(TARGET_NAME)";
				SWIFT_EMIT_LOC_STRINGS = YES;
				SWIFT_VERSION = 5.0;
				TARGETED_DEVICE_FAMILY = "1,2";
			};
			name = Release;
		};
		F258874A29600E4000BC4A43 /* Debug */ = {
			isa = XCBuildConfiguration;
			buildSettings = {
				ALWAYS_EMBED_SWIFT_STANDARD_LIBRARIES = YES;
				BUNDLE_LOADER = "$(TEST_HOST)";
				CLANG_ENABLE_MODULES = YES;
				CODE_SIGN_STYLE = Automatic;
				CURRENT_PROJECT_VERSION = 1;
				DEVELOPMENT_TEAM = 92248YS3F6;
				GENERATE_INFOPLIST_FILE = YES;
				IPHONEOS_DEPLOYMENT_TARGET = 16.2;
				LD_RUNPATH_SEARCH_PATHS = (
					"$(inherited)",
					"@executable_path/Frameworks",
					"@loader_path/Frameworks",
				);
				MARKETING_VERSION = 1.0;
				PRODUCT_BUNDLE_IDENTIFIER = me.elshazly.eMasaryTaskTests;
				PRODUCT_NAME = "$(TARGET_NAME)";
				SWIFT_EMIT_LOC_STRINGS = NO;
				SWIFT_OBJC_BRIDGING_HEADER = "";
				SWIFT_OPTIMIZATION_LEVEL = "-Onone";
				SWIFT_VERSION = 5.0;
				TARGETED_DEVICE_FAMILY = "1,2";
				TEST_HOST = "$(BUILT_PRODUCTS_DIR)/eMasaryTask.app/$(BUNDLE_EXECUTABLE_FOLDER_PATH)/eMasaryTask";
			};
			name = Debug;
		};
		F258874B29600E4000BC4A43 /* Release */ = {
			isa = XCBuildConfiguration;
			buildSettings = {
				ALWAYS_EMBED_SWIFT_STANDARD_LIBRARIES = YES;
				BUNDLE_LOADER = "$(TEST_HOST)";
				CLANG_ENABLE_MODULES = YES;
				CODE_SIGN_STYLE = Automatic;
				CURRENT_PROJECT_VERSION = 1;
				DEVELOPMENT_TEAM = 92248YS3F6;
				GENERATE_INFOPLIST_FILE = YES;
				IPHONEOS_DEPLOYMENT_TARGET = 16.2;
				LD_RUNPATH_SEARCH_PATHS = (
					"$(inherited)",
					"@executable_path/Frameworks",
					"@loader_path/Frameworks",
				);
				MARKETING_VERSION = 1.0;
				PRODUCT_BUNDLE_IDENTIFIER = me.elshazly.eMasaryTaskTests;
				PRODUCT_NAME = "$(TARGET_NAME)";
				SWIFT_EMIT_LOC_STRINGS = NO;
				SWIFT_OBJC_BRIDGING_HEADER = "";
				SWIFT_VERSION = 5.0;
				TARGETED_DEVICE_FAMILY = "1,2";
				TEST_HOST = "$(BUILT_PRODUCTS_DIR)/eMasaryTask.app/$(BUNDLE_EXECUTABLE_FOLDER_PATH)/eMasaryTask";
			};
			name = Release;
		};
		F258874D29600E4000BC4A43 /* Debug */ = {
			isa = XCBuildConfiguration;
			buildSettings = {
				ALWAYS_EMBED_SWIFT_STANDARD_LIBRARIES = YES;
				CODE_SIGN_STYLE = Automatic;
				CURRENT_PROJECT_VERSION = 1;
				DEVELOPMENT_TEAM = 92248YS3F6;
				GENERATE_INFOPLIST_FILE = YES;
				MARKETING_VERSION = 1.0;
				PRODUCT_BUNDLE_IDENTIFIER = me.elshazly.eMasaryTaskUITests;
				PRODUCT_NAME = "$(TARGET_NAME)";
				SWIFT_EMIT_LOC_STRINGS = NO;
				SWIFT_VERSION = 5.0;
				TARGETED_DEVICE_FAMILY = "1,2";
				TEST_TARGET_NAME = eMasaryTask;
			};
			name = Debug;
		};
		F258874E29600E4000BC4A43 /* Release */ = {
			isa = XCBuildConfiguration;
			buildSettings = {
				ALWAYS_EMBED_SWIFT_STANDARD_LIBRARIES = YES;
				CODE_SIGN_STYLE = Automatic;
				CURRENT_PROJECT_VERSION = 1;
				DEVELOPMENT_TEAM = 92248YS3F6;
				GENERATE_INFOPLIST_FILE = YES;
				MARKETING_VERSION = 1.0;
				PRODUCT_BUNDLE_IDENTIFIER = me.elshazly.eMasaryTaskUITests;
				PRODUCT_NAME = "$(TARGET_NAME)";
				SWIFT_EMIT_LOC_STRINGS = NO;
				SWIFT_VERSION = 5.0;
				TARGETED_DEVICE_FAMILY = "1,2";
				TEST_TARGET_NAME = eMasaryTask;
			};
			name = Release;
		};
/* End XCBuildConfiguration section */

/* Begin XCConfigurationList section */
		F258871429600E3F00BC4A43 /* Build configuration list for PBXProject "eMasaryTask" */ = {
			isa = XCConfigurationList;
			buildConfigurations = (
				F258874429600E4000BC4A43 /* Debug */,
				F258874529600E4000BC4A43 /* Release */,
			);
			defaultConfigurationIsVisible = 0;
			defaultConfigurationName = Release;
		};
		F258874629600E4000BC4A43 /* Build configuration list for PBXNativeTarget "eMasaryTask" */ = {
			isa = XCConfigurationList;
			buildConfigurations = (
				F258874729600E4000BC4A43 /* Debug */,
				F258874829600E4000BC4A43 /* Release */,
			);
			defaultConfigurationIsVisible = 0;
			defaultConfigurationName = Release;
		};
		F258874929600E4000BC4A43 /* Build configuration list for PBXNativeTarget "eMasaryTaskTests" */ = {
			isa = XCConfigurationList;
			buildConfigurations = (
				F258874A29600E4000BC4A43 /* Debug */,
				F258874B29600E4000BC4A43 /* Release */,
			);
			defaultConfigurationIsVisible = 0;
			defaultConfigurationName = Release;
		};
		F258874C29600E4000BC4A43 /* Build configuration list for PBXNativeTarget "eMasaryTaskUITests" */ = {
			isa = XCConfigurationList;
			buildConfigurations = (
				F258874D29600E4000BC4A43 /* Debug */,
				F258874E29600E4000BC4A43 /* Release */,
			);
			defaultConfigurationIsVisible = 0;
			defaultConfigurationName = Release;
		};
/* End XCConfigurationList section */

/* Begin XCRemoteSwiftPackageReference section */
		F25887542960183700BC4A43 /* XCRemoteSwiftPackageReference "firebase-ios-sdk" */ = {
			isa = XCRemoteSwiftPackageReference;
			repositoryURL = "https://github.com/firebase/firebase-ios-sdk.git";
			requirement = {
				kind = exactVersion;
				version = 9.6.0;
			};
		};
/* End XCRemoteSwiftPackageReference section */

/* Begin XCSwiftPackageProductDependency section */
		F25887552960183700BC4A43 /* FirebaseFirestore */ = {
			isa = XCSwiftPackageProductDependency;
			package = F25887542960183700BC4A43 /* XCRemoteSwiftPackageReference "firebase-ios-sdk" */;
			productName = FirebaseFirestore;
		};
		F25887572960183700BC4A43 /* FirebaseFunctions */ = {
			isa = XCSwiftPackageProductDependency;
			package = F25887542960183700BC4A43 /* XCRemoteSwiftPackageReference "firebase-ios-sdk" */;
			productName = FirebaseFunctions;
		};
		F25887BE2960547E00BC4A43 /* FirebaseFirestoreSwift */ = {
			isa = XCSwiftPackageProductDependency;
			package = F25887542960183700BC4A43 /* XCRemoteSwiftPackageReference "firebase-ios-sdk" */;
			productName = FirebaseFirestoreSwift;
		};
/* End XCSwiftPackageProductDependency section */

/* Begin XCVersionGroup section */
		F258872529600E3F00BC4A43 /* eMasaryTask.xcdatamodeld */ = {
			isa = XCVersionGroup;
			children = (
				F258872629600E3F00BC4A43 /* eMasaryTask.xcdatamodel */,
			);
			currentVersion = F258872629600E3F00BC4A43 /* eMasaryTask.xcdatamodel */;
			path = eMasaryTask.xcdatamodeld;
			sourceTree = "<group>";
			versionGroupType = wrapper.xcdatamodel;
		};
/* End XCVersionGroup section */
	};
	rootObject = F258871129600E3F00BC4A43 /* Project object */;
}
